# This file was autogenerated by uv via the following command:
#    uv pip compile requirements.txt -o requirements.lock --python 3.12
altair==6.2.2
    # via streamlit
annotated-doc==0.0.5
    # via typer
annotated-types==0.8.0
    # via pydantic
anyio==4.14.2
    # via
    #   httpx2
    #   openai
    #   starlette
    #   streamlit
attrs==26.1.0
    # via
    #   jsonschema
    #   referencing
blinker==1.9.0
    # via streamlit
certifi==2026.7.22
    # via requests
charset-normalizer==3.5.1
    # via requests
click==8.4.2
    # via
    #   streamlit
    #   uvicorn
defusedxml==0.7.1
    # via fpdf2
fonttools==4.63.0
    # via fpdf2
fpdf2==2.8.8
    # via -r requirements.txt
h11==0.16.0
    # via
    #   httpcore2
    #   uvicorn
httpcore2==2.12.0
    # via httpx2
httptools==0.8.0
    # via streamlit
httpx2==2.12.0
    # via openai
idna==3.19
    # via
    #   anyio
    #   httpx2
    #   requests
itsdangerous==2.2.0
    # via streamlit
jinja2==3.1.6
    # via
    #   altair
    #   pydeck
jiter==0.16.0
    # via openai
jsonschema==4.26.0
    # via altair
jsonschema-specifications==2025.9.1
    # via jsonschema
linkify-it-py==2.1.0
    # via markdown-it-py
markdown-it-py==4.2.0
    # via
    #   mdit-py-plugins
    #   rich
    #   textual
markupsafe==3.0.3
    # via jinja2
mdit-py-plugins==0.6.1
    # via textual
mdurl==0.1.2
    # via markdown-it-py
narwhals==2.25.0
    # via altair
numpy==2.5.2
    # via
    #   pandas
    #   pydeck
    #   streamlit
openai==3.3.1
    # via -r requirements.txt
packaging==26.3
    # via
    #   altair
    #   streamlit
pandas==3.0.5
    # via streamlit
pillow==12.3.0
    # via
    #   fpdf2
    #   streamlit
platformdirs==4.11.3
    # via textual
protobuf==7.36.0
    # via streamlit
pyarrow==25.0.1
    # via streamlit
pydantic==2.13.4
    # via openai
pydantic-core==2.46.4
    # via pydantic
pydeck==0.9.3
    # via streamlit
pygments==2.21.0
    # via
    #   rich
    #   textual
python-dateutil==2.9.0.post0
    # via pandas
python-multipart==0.0.32
    # via streamlit
pyyaml==6.0.3
    # via -r requirements.txt
referencing==0.37.0
    # via
    #   jsonschema
    #   jsonschema-specifications
requests==2.34.2
    # via streamlit
rich==15.0.0
    # via
    #   -r requirements.txt
    #   textual
    #   typer
rpds-py==2026.6.3
    # via
    #   jsonschema
    #   referencing
shellingham==1.5.4
    # via typer
six==1.17.0
    # via python-dateutil
sniffio==1.3.1
    # via openai
starlette==1.6.0
    # via streamlit
streamlit==1.62.0
    # via -r requirements.txt
textual==8.2.8
    # via -r requirements.txt
toml==0.10.2
    # via streamlit
truststore==0.10.4
    # via
    #   httpcore2
    #   httpx2
typer==0.27.1
    # via -r requirements.txt
typing-extensions==4.16.0
    # via
    #   altair
    #   anyio
    #   httpx2
    #   openai
    #   pydantic
    #   pydantic-core
    #   referencing
    #   starlette
    #   streamlit
    #   textual
    #   typing-inspection
typing-inspection==0.4.4
    # via pydantic
uc-micro-py==2.0.0
    # via linkify-it-py
urllib3==2.7.0
    # via requests
uvicorn==0.52.4
    # via streamlit
watchdog==6.0.0
    # via streamlit
websockets==16.1.1
    # via streamlit
